// !$*UTF8*$!
{
	archiveVersion = 1;
	classes = {
	};
	objectVersion = 50;
	objects = {

/* Begin PBXBuildFile section */
		012AB6CA23FE637700B6A477 /* libvlccore.dylib in Frameworks */ = {isa = PBXBuildFile; fileRef = 012AB6C823FE637700B6A477 /* libvlccore.dylib */; };
		012AB6CB23FE637700B6A477 /* libvlc.dylib in Frameworks */ = {isa = PBXBuildFile; fileRef = 012AB6C923FE637700B6A477 /* libvlc.dylib */; };
		012AB6CC23FE637F00B6A477 /* libvlccore.dylib in Embed Libraries */ = {isa = PBXBuildFile; fileRef = 012AB6C823FE637700B6A477 /* libvlccore.dylib */; settings = {ATTRIBUTES = (CodeSignOnCopy, ); }; };
		012AB6CD23FE637F00B6A477 /* libvlc.dylib in Embed Libraries */ = {isa = PBXBuildFile; fileRef = 012AB6C923FE637700B6A477 /* libvlc.dylib */; settings = {ATTRIBUTES = (CodeSignOnCopy, ); }; };
		01BA94C223F6EA7E00DEE6D5 /* AppDelegate.swift in Sources */ = {isa = PBXBuildFile; fileRef = 01BA94C123F6EA7E00DEE6D5 /* AppDelegate.swift */; };
		01BA94C423F6EA7E00DEE6D5 /* ViewController.swift in Sources */ = {isa = PBXBuildFile; fileRef = 01BA94C323F6EA7E00DEE6D5 /* ViewController.swift */; };
		01BA94C623F6EA8000DEE6D5 /* Assets.xcassets in Resources */ = {isa = PBXBuildFile; fileRef = 01BA94C523F6EA8000DEE6D5 /* Assets.xcassets */; };
		01BA94C923F6EA8000DEE6D5 /* Main.storyboard in Resources */ = {isa = PBXBuildFile; fileRef = 01BA94C723F6EA8000DEE6D5 /* Main.storyboard */; };
		01F9A69023FCE1FA00829E8D /* VLCVideoView.m in Sources */ = {isa = PBXBuildFile; fileRef = 01F9A68E23FCE1FA00829E8D /* VLCVideoView.m */; };
/* End PBXBuildFile section */

/* Begin PBXCopyFilesBuildPhase section */
		01BA94F523F6ED1E00DEE6D5 /* Embed Libraries */ = {
			isa = PBXCopyFilesBuildPhase;
			buildActionMask = 2147483647;
			dstPath = "";
			dstSubfolderSpec = 10;
			files = (
				012AB6CC23FE637F00B6A477 /* libvlccore.dylib in Embed Libraries */,
				012AB6CD23FE637F00B6A477 /* libvlc.dylib in Embed Libraries */,
			);
			name = "Embed Libraries";
			runOnlyForDeploymentPostprocessing = 0;
		};
/* End PBXCopyFilesBuildPhase section */

/* Begin PBXFileReference section */
		012AB6B923FE637700B6A477 /* libvlc_dialog.h */ = {isa = PBXFileReference; fileEncoding = 4; lastKnownFileType = sourcecode.c.h; path = libvlc_dialog.h; sourceTree = "<group>"; };
		012AB6BA23FE637700B6A477 /* libvlc_renderer_discoverer.h */ = {isa = PBXFileReference; fileEncoding = 4; lastKnownFileType = sourcecode.c.h; path = libvlc_renderer_discoverer.h; sourceTree = "<group>"; };
		012AB6BB23FE637700B6A477 /* libvlc_media.h */ = {isa = PBXFileReference; fileEncoding = 4; lastKnownFileType = sourcecode.c.h; path = libvlc_media.h; sourceTree = "<group>"; };
		012AB6BC23FE637700B6A477 /* libvlc_media_list_player.h */ = {isa = PBXFileReference; fileEncoding = 4; lastKnownFileType = sourcecode.c.h; path = libvlc_media_list_player.h; sourceTree = "<group>"; };
		012AB6BD23FE637700B6A477 /* libvlc_media_player.h */ = {isa = PBXFileReference; fileEncoding = 4; lastKnownFileType = sourcecode.c.h; path = libvlc_media_player.h; sourceTree = "<group>"; };
		012AB6BE23FE637700B6A477 /* libvlc_events.h */ = {isa = PBXFileReference; fileEncoding = 4; lastKnownFileType = sourcecode.c.h; path = libvlc_events.h; sourceTree = "<group>"; };
		012AB6BF23FE637700B6A477 /* vlc.h */ = {isa = PBXFileReference; fileEncoding = 4; lastKnownFileType = sourcecode.c.h; path = vlc.h; sourceTree = "<group>"; };
		012AB6C023FE637700B6A477 /* libvlc_media_discoverer.h */ = {isa = PBXFileReference; fileEncoding = 4; lastKnownFileType = sourcecode.c.h; path = libvlc_media_discoverer.h; sourceTree = "<group>"; };
		012AB6C123FE637700B6A477 /* deprecated.h */ = {isa = PBXFileReference; fileEncoding = 4; lastKnownFileType = sourcecode.c.h; path = deprecated.h; sourceTree = "<group>"; };
		012AB6C223FE637700B6A477 /* libvlc.h */ = {isa = PBXFileReference; fileEncoding = 4; lastKnownFileType = sourcecode.c.h; path = libvlc.h; sourceTree = "<group>"; };
		012AB6C323FE637700B6A477 /* libvlc_media_list.h */ = {isa = PBXFileReference; fileEncoding = 4; lastKnownFileType = sourcecode.c.h; path = libvlc_media_list.h; sourceTree = "<group>"; };
		012AB6C423FE637700B6A477 /* libvlc_version.h */ = {isa = PBXFileReference; fileEncoding = 4; lastKnownFileType = sourcecode.c.h; path = libvlc_version.h; sourceTree = "<group>"; };
		012AB6C523FE637700B6A477 /* libvlc_picture.h */ = {isa = PBXFileReference; fileEncoding = 4; lastKnownFileType = sourcecode.c.h; path = libvlc_picture.h; sourceTree = "<group>"; };
		012AB6C623FE637700B6A477 /* libvlc_media_library.h */ = {isa = PBXFileReference; fileEncoding = 4; lastKnownFileType = sourcecode.c.h; path = libvlc_media_library.h; sourceTree = "<group>"; };
		012AB6C823FE637700B6A477 /* libvlccore.dylib */ = {isa = PBXFileReference; lastKnownFileType = "compiled.mach-o.dylib"; path = libvlccore.dylib; sourceTree = "<group>"; };
		012AB6C923FE637700B6A477 /* libvlc.dylib */ = {isa = PBXFileReference; lastKnownFileType = "compiled.mach-o.dylib"; path = libvlc.dylib; sourceTree = "<group>"; };
		01BA94BE23F6EA7E00DEE6D5 /* livblc test.app */ = {isa = PBXFileReference; explicitFileType = wrapper.application; includeInIndex = 0; path = "livblc test.app"; sourceTree = BUILT_PRODUCTS_DIR; };
		01BA94C123F6EA7E00DEE6D5 /* AppDelegate.swift */ = {isa = PBXFileReference; lastKnownFileType = sourcecode.swift; path = AppDelegate.swift; sourceTree = "<group>"; };
		01BA94C323F6EA7E00DEE6D5 /* ViewController.swift */ = {isa = PBXFileReference; lastKnownFileType = sourcecode.swift; path = ViewController.swift; sourceTree = "<group>"; };
		01BA94C523F6EA8000DEE6D5 /* Assets.xcassets */ = {isa = PBXFileReference; lastKnownFileType = folder.assetcatalog; path = Assets.xcassets; sourceTree = "<group>"; };
		01BA94C823F6EA8000DEE6D5 /* Base */ = {isa = PBXFileReference; lastKnownFileType = file.storyboard; name = Base; path = Base.lproj/Main.storyboard; sourceTree = "<group>"; };
		01BA94CA23F6EA8000DEE6D5 /* Info.plist */ = {isa = PBXFileReference; lastKnownFileType = text.plist.xml; path = Info.plist; sourceTree = "<group>"; };
		01BA94CB23F6EA8000DEE6D5 /* livblc_test.entitlements */ = {isa = PBXFileReference; lastKnownFileType = text.plist.entitlements; path = livblc_test.entitlements; sourceTree = "<group>"; };
		01BA94F723F6ED4100DEE6D5 /* livblc test-Bridging-Header.h */ = {isa = PBXFileReference; lastKnownFileType = sourcecode.c.h; path = "livblc test-Bridging-Header.h"; sourceTree = "<group>"; };
		01F9A68E23FCE1FA00829E8D /* VLCVideoView.m */ = {isa = PBXFileReference; fileEncoding = 4; lastKnownFileType = sourcecode.c.objc; path = VLCVideoView.m; sourceTree = "<group>"; };
		01F9A68F23FCE1FA00829E8D /* VLCVideoView.h */ = {isa = PBXFileReference; fileEncoding = 4; lastKnownFileType = sourcecode.c.h; path = VLCVideoView.h; sourceTree = "<group>"; };
/* End PBXFileReference section */

/* Begin PBXFrameworksBuildPhase section */
		01BA94BB23F6EA7E00DEE6D5 /* Frameworks */ = {
			isa = PBXFrameworksBuildPhase;
			buildActionMask = 2147483647;
			files = (
				012AB6CB23FE637700B6A477 /* libvlc.dylib in Frameworks */,
				012AB6CA23FE637700B6A477 /* libvlccore.dylib in Frameworks */,
			);
			runOnlyForDeploymentPostprocessing = 0;
		};
/* End PBXFrameworksBuildPhase section */

/* Begin PBXGroup section */
		012AB6B623FE637700B6A477 /* libvlc */ = {
			isa = PBXGroup;
			children = (
				012AB6B723FE637700B6A477 /* include */,
				012AB6C723FE637700B6A477 /* lib */,
			);
			path = libvlc;
			sourceTree = "<group>";
		};
		012AB6B723FE637700B6A477 /* include */ = {
			isa = PBXGroup;
			children = (
				012AB6B823FE637700B6A477 /* vlc */,
			);
			path = include;
			sourceTree = "<group>";
		};
		012AB6B823FE637700B6A477 /* vlc */ = {
			isa = PBXGroup;
			children = (
				012AB6B923FE637700B6A477 /* libvlc_dialog.h */,
				012AB6BA23FE637700B6A477 /* libvlc_renderer_discoverer.h */,
				012AB6BB23FE637700B6A477 /* libvlc_media.h */,
				012AB6BC23FE637700B6A477 /* libvlc_media_list_player.h */,
				012AB6BD23FE637700B6A477 /* libvlc_media_player.h */,
				012AB6BE23FE637700B6A477 /* libvlc_events.h */,
				012AB6BF23FE637700B6A477 /* vlc.h */,
				012AB6C023FE637700B6A477 /* libvlc_media_discoverer.h */,
				012AB6C123FE637700B6A477 /* deprecated.h */,
				012AB6C223FE637700B6A477 /* libvlc.h */,
				012AB6C323FE637700B6A477 /* libvlc_media_list.h */,
				012AB6C423FE637700B6A477 /* libvlc_version.h */,
				012AB6C523FE637700B6A477 /* libvlc_picture.h */,
				012AB6C623FE637700B6A477 /* libvlc_media_library.h */,
			);
			path = vlc;
			sourceTree = "<group>";
		};
		012AB6C723FE637700B6A477 /* lib */ = {
			isa = PBXGroup;
			children = (
				012AB6C823FE637700B6A477 /* libvlccore.dylib */,
				012AB6C923FE637700B6A477 /* libvlc.dylib */,
			);
			path = lib;
			sourceTree = "<group>";
		};
		01BA94B523F6EA7E00DEE6D5 = {
			isa = PBXGroup;
			children = (
				012AB6B623FE637700B6A477 /* libvlc */,
				01BA94C023F6EA7E00DEE6D5 /* livblc test */,
				01BA94BF23F6EA7E00DEE6D5 /* Products */,
				01D6B48723FB8C2900FD64DF /* Frameworks */,
			);
			sourceTree = "<group>";
		};
		01BA94BF23F6EA7E00DEE6D5 /* Products */ = {
			isa = PBXGroup;
			children = (
				01BA94BE23F6EA7E00DEE6D5 /* livblc test.app */,
			);
			name = Products;
			sourceTree = "<group>";
		};
		01BA94C023F6EA7E00DEE6D5 /* livblc test */ = {
			isa = PBXGroup;
			children = (
				01BA94C123F6EA7E00DEE6D5 /* AppDelegate.swift */,
				01BA94C323F6EA7E00DEE6D5 /* ViewController.swift */,
				01BA94C523F6EA8000DEE6D5 /* Assets.xcassets */,
				01BA94C723F6EA8000DEE6D5 /* Main.storyboard */,
				01BA94CA23F6EA8000DEE6D5 /* Info.plist */,
				01BA94CB23F6EA8000DEE6D5 /* livblc_test.entitlements */,
				01BA94F723F6ED4100DEE6D5 /* livblc test-Bridging-Header.h */,
				01F9A68F23FCE1FA00829E8D /* VLCVideoView.h */,
				01F9A68E23FCE1FA00829E8D /* VLCVideoView.m */,
			);
			path = "livblc test";
			sourceTree = "<group>";
		};
		01D6B48723FB8C2900FD64DF /* Frameworks */ = {
			isa = PBXGroup;
			children = (
			);
			name = Frameworks;
			sourceTree = "<group>";
		};
/* End PBXGroup section */

/* Begin PBXNativeTarget section */
		01BA94BD23F6EA7E00DEE6D5 /* livblc test */ = {
			isa = PBXNativeTarget;
			buildConfigurationList = 01BA94CE23F6EA8000DEE6D5 /* Build configuration list for PBXNativeTarget "livblc test" */;
			buildPhases = (
				01BA94BA23F6EA7E00DEE6D5 /* Sources */,
				01BA94BB23F6EA7E00DEE6D5 /* Frameworks */,
				01BA94BC23F6EA7E00DEE6D5 /* Resources */,
				01BA94F523F6ED1E00DEE6D5 /* Embed Libraries */,
			);
			buildRules = (
			);
			dependencies = (
			);
			name = "livblc test";
			productName = "livblc test";
			productReference = 01BA94BE23F6EA7E00DEE6D5 /* livblc test.app */;
			productType = "com.apple.product-type.application";
		};
/* End PBXNativeTarget section */

/* Begin PBXProject section */
		01BA94B623F6EA7E00DEE6D5 /* Project object */ = {
			isa = PBXProject;
			attributes = {
				LastSwiftUpdateCheck = 1130;
				LastUpgradeCheck = 1130;
				ORGANIZATIONNAME = xjbeta;
				TargetAttributes = {
					01BA94BD23F6EA7E00DEE6D5 = {
						CreatedOnToolsVersion = 11.3.1;
						LastSwiftMigration = 1130;
					};
				};
			};
			buildConfigurationList = 01BA94B923F6EA7E00DEE6D5 /* Build configuration list for PBXProject "livblc test" */;
			compatibilityVersion = "Xcode 9.3";
			developmentRegion = en;
			hasScannedForEncodings = 0;
			knownRegions = (
				en,
				Base,
			);
			mainGroup = 01BA94B523F6EA7E00DEE6D5;
			productRefGroup = 01BA94BF23F6EA7E00DEE6D5 /* Products */;
			projectDirPath = "";
			projectRoot = "";
			targets = (
				01BA94BD23F6EA7E00DEE6D5 /* livblc test */,
			);
		};
/* End PBXProject section */

/* Begin PBXResourcesBuildPhase section */
		01BA94BC23F6EA7E00DEE6D5 /* Resources */ = {
			isa = PBXResourcesBuildPhase;
			buildActionMask = 2147483647;
			files = (
				01BA94C623F6EA8000DEE6D5 /* Assets.xcassets in Resources */,
				01BA94C923F6EA8000DEE6D5 /* Main.storyboard in Resources */,
			);
			runOnlyForDeploymentPostprocessing = 0;
		};
/* End PBXResourcesBuildPhase section */

/* Begin PBXSourcesBuildPhase section */
		01BA94BA23F6EA7E00DEE6D5 /* Sources */ = {
			isa = PBXSourcesBuildPhase;
			buildActionMask = 2147483647;
			files = (
				01F9A69023FCE1FA00829E8D /* VLCVideoView.m in Sources */,
				01BA94C423F6EA7E00DEE6D5 /* ViewController.swift in Sources */,
				01BA94C223F6EA7E00DEE6D5 /* AppDelegate.swift in Sources */,
			);
			runOnlyForDeploymentPostprocessing = 0;
		};
/* End PBXSourcesBuildPhase section */

/* Begin PBXVariantGroup section */
		01BA94C723F6EA8000DEE6D5 /* Main.storyboard */ = {
			isa = PBXVariantGroup;
			children = (
				01BA94C823F6EA8000DEE6D5 /* Base */,
			);
			name = Main.storyboard;
			sourceTree = "<group>";
		};
/* End PBXVariantGroup section */

/* Begin XCBuildConfiguration section */
		01BA94CC23F6EA8000DEE6D5 /* Debug */ = {
			isa = XCBuildConfiguration;
			buildSettings = {
				ALWAYS_SEARCH_USER_PATHS = NO;
				CLANG_ANALYZER_NONNULL = YES;
				CLANG_ANALYZER_NUMBER_OBJECT_CONVERSION = YES_AGGRESSIVE;
				CLANG_CXX_LANGUAGE_STANDARD = "gnu++14";
				CLANG_CXX_LIBRARY = "libc++";
				CLANG_ENABLE_MODULES = YES;
				CLANG_ENABLE_OBJC_ARC = YES;
				CLANG_ENABLE_OBJC_WEAK = YES;
				CLANG_WARN_BLOCK_CAPTURE_AUTORELEASING = YES;
				CLANG_WARN_BOOL_CONVERSION = YES;
				CLANG_WARN_COMMA = YES;
				CLANG_WARN_CONSTANT_CONVERSION = YES;
				CLANG_WARN_DEPRECATED_OBJC_IMPLEMENTATIONS = YES;
				CLANG_WARN_DIRECT_OBJC_ISA_USAGE = YES_ERROR;
				CLANG_WARN_DOCUMENTATION_COMMENTS = YES;
				CLANG_WARN_EMPTY_BODY = YES;
				CLANG_WARN_ENUM_CONVERSION = YES;
				CLANG_WARN_INFINITE_RECURSION = YES;
				CLANG_WARN_INT_CONVERSION = YES;
				CLANG_WARN_NON_LITERAL_NULL_CONVERSION = YES;
				CLANG_WARN_OBJC_IMPLICIT_RETAIN_SELF = YES;
				CLANG_WARN_OBJC_LITERAL_CONVERSION = YES;
				CLANG_WARN_OBJC_ROOT_CLASS = YES_ERROR;
				CLANG_WARN_RANGE_LOOP_ANALYSIS = YES;
				CLANG_WARN_STRICT_PROTOTYPES = YES;
				CLANG_WARN_SUSPICIOUS_MOVE = YES;
				CLANG_WARN_UNGUARDED_AVAILABILITY = YES_AGGRESSIVE;
				CLANG_WARN_UNREACHABLE_CODE = YES;
				CLANG_WARN__DUPLICATE_METHOD_MATCH = YES;
				COPY_PHASE_STRIP = NO;
				DEBUG_INFORMATION_FORMAT = dwarf;
				ENABLE_STRICT_OBJC_MSGSEND = YES;
				ENABLE_TESTABILITY = YES;
				GCC_C_LANGUAGE_STANDARD = gnu11;
				GCC_DYNAMIC_NO_PIC = NO;
				GCC_NO_COMMON_BLOCKS = YES;
				GCC_OPTIMIZATION_LEVEL = 0;
				GCC_PREPROCESSOR_DEFINITIONS = (
					"DEBUG=1",
					"$(inherited)",
				);
				GCC_WARN_64_TO_32_BIT_CONVERSION = YES;
				GCC_WARN_ABOUT_RETURN_TYPE = YES_ERROR;
				GCC_WARN_UNDECLARED_SELECTOR = YES;
				GCC_WARN_UNINITIALIZED_AUTOS = YES_AGGRESSIVE;
				GCC_WARN_UNUSED_FUNCTION = YES;
				GCC_WARN_UNUSED_VARIABLE = YES;
				MACOSX_DEPLOYMENT_TARGET = 10.15;
				MTL_ENABLE_DEBUG_INFO = INCLUDE_SOURCE;
				MTL_FAST_MATH = YES;
				ONLY_ACTIVE_ARCH = YES;
				SDKROOT = macosx;
				SWIFT_ACTIVE_COMPILATION_CONDITIONS = DEBUG;
				SWIFT_OPTIMIZATION_LEVEL = "-Onone";
			};
			name = Debug;
		};
		01BA94CD23F6EA8000DEE6D5 /* Release */ = {
			isa = XCBuildConfiguration;
			buildSettings = {
				ALWAYS_SEARCH_USER_PATHS = NO;
				CLANG_ANALYZER_NONNULL = YES;
				CLANG_ANALYZER_NUMBER_OBJECT_CONVERSION = YES_AGGRESSIVE;
				CLANG_CXX_LANGUAGE_STANDARD = "gnu++14";
				CLANG_CXX_LIBRARY = "libc++";
				CLANG_ENABLE_MODULES = YES;
				CLANG_ENABLE_OBJC_ARC = YES;
				CLANG_ENABLE_OBJC_WEAK = YES;
				CLANG_WARN_BLOCK_CAPTURE_AUTORELEASING = YES;
				CLANG_WARN_BOOL_CONVERSION = YES;
				CLANG_WARN_COMMA = YES;
				CLANG_WARN_CONSTANT_CONVERSION = YES;
				CLANG_WARN_DEPRECATED_OBJC_IMPLEMENTATIONS = YES;
				CLANG_WARN_DIRECT_OBJC_ISA_USAGE = YES_ERROR;
				CLANG_WARN_DOCUMENTATION_COMMENTS = YES;
				CLANG_WARN_EMPTY_BODY = YES;
				CLANG_WARN_ENUM_CONVERSION = YES;
				CLANG_WARN_INFINITE_RECURSION = YES;
				CLANG_WARN_INT_CONVERSION = YES;
				CLANG_WARN_NON_LITERAL_NULL_CONVERSION = YES;
				CLANG_WARN_OBJC_IMPLICIT_RETAIN_SELF = YES;
				CLANG_WARN_OBJC_LITERAL_CONVERSION = YES;
				CLANG_WARN_OBJC_ROOT_CLASS = YES_ERROR;
				CLANG_WARN_RANGE_LOOP_ANALYSIS = YES;
				CLANG_WARN_STRICT_PROTOTYPES = YES;
				CLANG_WARN_SUSPICIOUS_MOVE = YES;
				CLANG_WARN_UNGUARDED_AVAILABILITY = YES_AGGRESSIVE;
				CLANG_WARN_UNREACHABLE_CODE = YES;
				CLANG_WARN__DUPLICATE_METHOD_MATCH = YES;
				COPY_PHASE_STRIP = NO;
				DEBUG_INFORMATION_FORMAT = "dwarf-with-dsym";
				ENABLE_NS_ASSERTIONS = NO;
				ENABLE_STRICT_OBJC_MSGSEND = YES;
				GCC_C_LANGUAGE_STANDARD = gnu11;
				GCC_NO_COMMON_BLOCKS = YES;
				GCC_WARN_64_TO_32_BIT_CONVERSION = YES;
				GCC_WARN_ABOUT_RETURN_TYPE = YES_ERROR;
				GCC_WARN_UNDECLARED_SELECTOR = YES;
				GCC_WARN_UNINITIALIZED_AUTOS = YES_AGGRESSIVE;
				GCC_WARN_UNUSED_FUNCTION = YES;
				GCC_WARN_UNUSED_VARIABLE = YES;
				MACOSX_DEPLOYMENT_TARGET = 10.15;
				MTL_ENABLE_DEBUG_INFO = NO;
				MTL_FAST_MATH = YES;
				SDKROOT = macosx;
				SWIFT_COMPILATION_MODE = wholemodule;
				SWIFT_OPTIMIZATION_LEVEL = "-O";
			};
			name = Release;
		};
		01BA94CF23F6EA8000DEE6D5 /* Debug */ = {
			isa = XCBuildConfiguration;
			buildSettings = {
				ASSETCATALOG_COMPILER_APPICON_NAME = AppIcon;
				CLANG_ENABLE_MODULES = YES;
				CODE_SIGN_ENTITLEMENTS = "livblc test/livblc_test.entitlements";
				CODE_SIGN_STYLE = Automatic;
				COMBINE_HIDPI_IMAGES = YES;
				FRAMEWORK_SEARCH_PATHS = (
					"$(inherited)",
					"$(PROJECT_DIR)/Frameworks",
				);
				GCC_PREPROCESSOR_DEFINITIONS = MODULE_STRING;
				HEADER_SEARCH_PATHS = (
					"$(PROJECT_DIR)/libvlc/include",
					"$(PROJECT_DIR)/libvlc/include/vlc/plugins",
				);
				INFOPLIST_FILE = "livblc test/Info.plist";
				LD_RUNPATH_SEARCH_PATHS = (
					"$(inherited)",
					"@executable_path/../Frameworks",
				);
				LIBRARY_SEARCH_PATHS = (
					"$(inherited)",
					"$(PROJECT_DIR)/libvlc/plugins",
					"$(PROJECT_DIR)/libvlc/lib",
				);
				PRODUCT_BUNDLE_IDENTIFIER = "com.xjbeta.livblc-test";
				PRODUCT_NAME = "$(TARGET_NAME)";
				SWIFT_OBJC_BRIDGING_HEADER = "livblc test/livblc test-Bridging-Header.h";
				SWIFT_OPTIMIZATION_LEVEL = "-Onone";
				SWIFT_VERSION = 5.0;
			};
			name = Debug;
		};
		01BA94D023F6EA8000DEE6D5 /* Release */ = {
			isa = XCBuildConfiguration;
			buildSettings = {
				ASSETCATALOG_COMPILER_APPICON_NAME = AppIcon;
				CLANG_ENABLE_MODULES = YES;
				CODE_SIGN_ENTITLEMENTS = "livblc test/livblc_test.entitlements";
				CODE_SIGN_STYLE = Automatic;
				COMBINE_HIDPI_IMAGES = YES;
				FRAMEWORK_SEARCH_PATHS = (
					"$(inherited)",
					"$(PROJECT_DIR)/Frameworks",
				);
				GCC_PREPROCESSOR_DEFINITIONS = MODULE_STRING;
				HEADER_SEARCH_PATHS = (
					"$(PROJECT_DIR)/libvlc/include",
					"$(PROJECT_DIR)/libvlc/include/vlc/plugins",
				);
				INFOPLIST_FILE = "livblc test/Info.plist";
				LD_RUNPATH_SEARCH_PATHS = (
					"$(inherited)",
					"@executable_path/../Frameworks",
				);
				LIBRARY_SEARCH_PATHS = (
					"$(inherited)",
					"$(PROJECT_DIR)/libvlc/plugins",
					"$(PROJECT_DIR)/libvlc/lib",
				);
				PRODUCT_BUNDLE_IDENTIFIER = "com.xjbeta.livblc-test";
				PRODUCT_NAME = "$(TARGET_NAME)";
				SWIFT_OBJC_BRIDGING_HEADER = "livblc test/livblc test-Bridging-Header.h";
				SWIFT_VERSION = 5.0;
			};
			name = Release;
		};
/* End XCBuildConfiguration section */

/* Begin XCConfigurationList section */
		01BA94B923F6EA7E00DEE6D5 /* Build configuration list for PBXProject "livblc test" */ = {
			isa = XCConfigurationList;
			buildConfigurations = (
				01BA94CC23F6EA8000DEE6D5 /* Debug */,
				01BA94CD23F6EA8000DEE6D5 /* Release */,
			);
			defaultConfigurationIsVisible = 0;
			defaultConfigurationName = Release;
		};
		01BA94CE23F6EA8000DEE6D5 /* Build configuration list for PBXNativeTarget "livblc test" */ = {
			isa = XCConfigurationList;
			buildConfigurations = (
				01BA94CF23F6EA8000DEE6D5 /* Debug */,
				01BA94D023F6EA8000DEE6D5 /* Release */,
			);
			defaultConfigurationIsVisible = 0;
			defaultConfigurationName = Release;
		};
/* End XCConfigurationList section */
	};
	rootObject = 01BA94B623F6EA7E00DEE6D5 /* Project object */;
}
